
Microsoft Visual Studio Solution File, Format Version 12.00
# Visual Studio Version 17
VisualStudioVersion = 17.3.32929.385
MinimumVisualStudioVersion = 10.0.40219.1
Project("{9A19103F-16F7-4668-BE54-9A1E7A4F7556}") = "InstantScores", "InstantScores.csproj", "{C1CA4BA7-01EC-4DCB-903E-0E324F5FE78E}"
EndProject
Global
	GlobalSection(SolutionConfigurationPlatforms) = preSolution
		Debug|Any CPU = Debug|Any CPU
		Release|Any CPU = Release|Any CPU
	EndGlobalSection
	GlobalSection(ProjectConfigurationPlatforms) = postSolution
		{C1CA4BA7-01EC-4DCB-903E-0E324F5FE78E}.Debug|Any CPU.ActiveCfg = Debug|Any CPU
		{C1CA4BA7-01EC-4DCB-903E-0E324F5FE78E}.Debug|Any CPU.Build.0 = Debug|Any CPU
		{C1CA4BA7-01EC-4DCB-903E-0E324F5FE78E}.Release|Any CPU.ActiveCfg = Release|Any CPU
		{C1CA4BA7-01EC-4DCB-903E-0E324F5FE78E}.Release|Any CPU.Build.0 = Release|Any CPU
	EndGlobalSection
	GlobalSection(SolutionProperties) = preSolution
		HideSolutionNode = FALSE
	EndGlobalSection
	GlobalSection(ExtensibilityGlobals) = postSolution
		SolutionGuid = {53EBA396-1FE6-4BE4-ADBD-659129241194}
	EndGlobalSection
EndGlobal
